
Microsoft Visual Studio Solution File, Format Version 12.00
# Visual Studio Version 16
VisualStudioVersion = 16.0.810.15
MinimumVisualStudioVersion = 10.0.40219.1
Project("{FAE04EC0-301F-11D3-BF4B-00C04F79EFBC}") = "MusicMakerProgram", "MusicMakerProgram.csproj", "{8DB73F35-A732-458C-9229-6671D5B55DF0}"
EndProject
Global
	GlobalSection(SolutionConfigurationPlatforms) = preSolution
		Debug|Any CPU = Debug|Any CPU
		Release|Any CPU = Release|Any CPU
	EndGlobalSection
	GlobalSection(ProjectConfigurationPlatforms) = postSolution
		{8DB73F35-A732-458C-9229-6671D5B55DF0}.Debug|Any CPU.ActiveCfg = Debug|Any CPU
		{8DB73F35-A732-458C-9229-6671D5B55DF0}.Debug|Any CPU.Build.0 = Debug|Any CPU
		{8DB73F35-A732-458C-9229-6671D5B55DF0}.Release|Any CPU.ActiveCfg = Release|Any CPU
		{8DB73F35-A732-458C-9229-6671D5B55DF0}.Release|Any CPU.Build.0 = Release|Any CPU
	EndGlobalSection
	GlobalSection(SolutionProperties) = preSolution
		HideSolutionNode = FALSE
	EndGlobalSection
	GlobalSection(ExtensibilityGlobals) = postSolution
		SolutionGuid = {541ECE62-D1FF-44D5-BED0-F99CB8683C92}
	EndGlobalSection
EndGlobal
